
Microsoft Visual Studio Solution File, Format Version 12.00
# Visual Studio 15
VisualStudioVersion = 15.0.27004.2002
MinimumVisualStudioVersion = 10.0.40219.1
Project("{FAE04EC0-301F-11D3-BF4B-00C04F79EFBC}") = "Cycle.Android", "Cycle\Cycle.Android\Cycle.Android.csproj", "{D72AF5E7-B20F-452D-9CCC-CD4AC2826595}"
EndProject
Project("{FAE04EC0-301F-11D3-BF4B-00C04F79EFBC}") = "Cycle", "Cycle\Cycle\Cycle.csproj", "{3A56BC26-BE64-4293-B2F3-9EADA91F2EFB}"
EndProject
Project("{FAE04EC0-301F-11D3-BF4B-00C04F79EFBC}") = "Cycle.iOS", "Cycle\Cycle.iOS\Cycle.iOS.csproj", "{AB21308A-4949-418F-ABC5-020A1BC3E6B5}"
EndProject
Project("{FAE04EC0-301F-11D3-BF4B-00C04F79EFBC}") = "Cycle.Core", "Cycle.Core\Cycle.Core.csproj", "{E9698B7E-42F5-4F74-93E6-53EBE5C522EF}"
EndProject
Global
	GlobalSection(SolutionConfigurationPlatforms) = preSolution
		Ad-Hoc|Any CPU = Ad-Hoc|Any CPU
		Ad-Hoc|iPhone = Ad-Hoc|iPhone
		Ad-Hoc|iPhoneSimulator = Ad-Hoc|iPhoneSimulator
		AppStore|Any CPU = AppStore|Any CPU
		AppStore|iPhone = AppStore|iPhone
		AppStore|iPhoneSimulator = AppStore|iPhoneSimulator
		Debug|Any CPU = Debug|Any CPU
		Debug|iPhone = Debug|iPhone
		Debug|iPhoneSimulator = Debug|iPhoneSimulator
		Release|Any CPU = Release|Any CPU
		Release|iPhone = Release|iPhone
		Release|iPhoneSimulator = Release|iPhoneSimulator
	EndGlobalSection
	GlobalSection(ProjectConfigurationPlatforms) = postSolution
		{D72AF5E7-B20F-452D-9CCC-CD4AC2826595}.Ad-Hoc|Any CPU.ActiveCfg = Release|Any CPU
		{D72AF5E7-B20F-452D-9CCC-CD4AC2826595}.Ad-Hoc|Any CPU.Build.0 = Release|Any CPU
		{D72AF5E7-B20F-452D-9CCC-CD4AC2826595}.Ad-Hoc|Any CPU.Deploy.0 = Release|Any CPU
		{D72AF5E7-B20F-452D-9CCC-CD4AC2826595}.Ad-Hoc|iPhone.ActiveCfg = Release|Any CPU
		{D72AF5E7-B20F-452D-9CCC-CD4AC2826595}.Ad-Hoc|iPhone.Build.0 = Release|Any CPU
		{D72AF5E7-B20F-452D-9CCC-CD4AC2826595}.Ad-Hoc|iPhone.Deploy.0 = Release|Any CPU
		{D72AF5E7-B20F-452D-9CCC-CD4AC2826595}.Ad-Hoc|iPhoneSimulator.ActiveCfg = Release|Any CPU
		{D72AF5E7-B20F-452D-9CCC-CD4AC2826595}.Ad-Hoc|iPhoneSimulator.Build.0 = Release|Any CPU
		{D72AF5E7-B20F-452D-9CCC-CD4AC2826595}.Ad-Hoc|iPhoneSimulator.Deploy.0 = Release|Any CPU
		{D72AF5E7-B20F-452D-9CCC-CD4AC2826595}.AppStore|Any CPU.ActiveCfg = Release|Any CPU
		{D72AF5E7-B20F-452D-9CCC-CD4AC2826595}.AppStore|Any CPU.Build.0 = Release|Any CPU
		{D72AF5E7-B20F-452D-9CCC-CD4AC2826595}.AppStore|Any CPU.Deploy.0 = Release|Any CPU
		{D72AF5E7-B20F-452D-9CCC-CD4AC2826595}.AppStore|iPhone.ActiveCfg = Release|Any CPU
		{D72AF5E7-B20F-452D-9CCC-CD4AC2826595}.AppStore|iPhone.Build.0 = Release|Any CPU
		{D72AF5E7-B20F-452D-9CCC-CD4AC2826595}.AppStore|iPhone.Deploy.0 = Release|Any CPU
		{D72AF5E7-B20F-452D-9CCC-CD4AC2826595}.AppStore|iPhoneSimulator.ActiveCfg = Release|Any CPU
		{D72AF5E7-B20F-452D-9CCC-CD4AC2826595}.AppStore|iPhoneSimulator.Build.0 = Release|Any CPU
		{D72AF5E7-B20F-452D-9CCC-CD4AC2826595}.AppStore|iPhoneSimulator.Deploy.0 = Release|Any CPU
		{D72AF5E7-B20F-452D-9CCC-CD4AC2826595}.Debug|Any CPU.ActiveCfg = Debug|Any CPU
		{D72AF5E7-B20F-452D-9CCC-CD4AC2826595}.Debug|Any CPU.Build.0 = Debug|Any CPU
		{D72AF5E7-B20F-452D-9CCC-CD4AC2826595}.Debug|Any CPU.Deploy.0 = Debug|Any CPU
		{D72AF5E7-B20F-452D-9CCC-CD4AC2826595}.Debug|iPhone.ActiveCfg = Debug|Any CPU
		{D72AF5E7-B20F-452D-9CCC-CD4AC2826595}.Debug|iPhone.Build.0 = Debug|Any CPU
		{D72AF5E7-B20F-452D-9CCC-CD4AC2826595}.Debug|iPhone.Deploy.0 = Debug|Any CPU
		{D72AF5E7-B20F-452D-9CCC-CD4AC2826595}.Debug|iPhoneSimulator.ActiveCfg = Debug|Any CPU
		{D72AF5E7-B20F-452D-9CCC-CD4AC2826595}.Debug|iPhoneSimulator.Build.0 = Debug|Any CPU
		{D72AF5E7-B20F-452D-9CCC-CD4AC2826595}.Debug|iPhoneSimulator.Deploy.0 = Debug|Any CPU
		{D72AF5E7-B20F-452D-9CCC-CD4AC2826595}.Release|Any CPU.ActiveCfg = Release|Any CPU
		{D72AF5E7-B20F-452D-9CCC-CD4AC2826595}.Release|Any CPU.Build.0 = Release|Any CPU
		{D72AF5E7-B20F-452D-9CCC-CD4AC2826595}.Release|Any CPU.Deploy.0 = Release|Any CPU
		{D72AF5E7-B20F-452D-9CCC-CD4AC2826595}.Release|iPhone.ActiveCfg = Release|Any CPU
		{D72AF5E7-B20F-452D-9CCC-CD4AC2826595}.Release|iPhone.Build.0 = Release|Any CPU
		{D72AF5E7-B20F-452D-9CCC-CD4AC2826595}.Release|iPhone.Deploy.0 = Release|Any CPU
		{D72AF5E7-B20F-452D-9CCC-CD4AC2826595}.Release|iPhoneSimulator.ActiveCfg = Release|Any CPU
		{D72AF5E7-B20F-452D-9CCC-CD4AC2826595}.Release|iPhoneSimulator.Build.0 = Release|Any CPU
		{D72AF5E7-B20F-452D-9CCC-CD4AC2826595}.Release|iPhoneSimulator.Deploy.0 = Release|Any CPU
		{3A56BC26-BE64-4293-B2F3-9EADA91F2EFB}.Ad-Hoc|Any CPU.ActiveCfg = Release|Any CPU
		{3A56BC26-BE64-4293-B2F3-9EADA91F2EFB}.Ad-Hoc|Any CPU.Build.0 = Release|Any CPU
		{3A56BC26-BE64-4293-B2F3-9EADA91F2EFB}.Ad-Hoc|iPhone.ActiveCfg = Release|Any CPU
		{3A56BC26-BE64-4293-B2F3-9EADA91F2EFB}.Ad-Hoc|iPhone.Build.0 = Release|Any CPU
		{3A56BC26-BE64-4293-B2F3-9EADA91F2EFB}.Ad-Hoc|iPhoneSimulator.ActiveCfg = Release|Any CPU
		{3A56BC26-BE64-4293-B2F3-9EADA91F2EFB}.Ad-Hoc|iPhoneSimulator.Build.0 = Release|Any CPU
		{3A56BC26-BE64-4293-B2F3-9EADA91F2EFB}.AppStore|Any CPU.ActiveCfg = Release|Any CPU
		{3A56BC26-BE64-4293-B2F3-9EADA91F2EFB}.AppStore|Any CPU.Build.0 = Release|Any CPU
		{3A56BC26-BE64-4293-B2F3-9EADA91F2EFB}.AppStore|iPhone.ActiveCfg = Release|Any CPU
		{3A56BC26-BE64-4293-B2F3-9EADA91F2EFB}.AppStore|iPhone.Build.0 = Release|Any CPU
		{3A56BC26-BE64-4293-B2F3-9EADA91F2EFB}.AppStore|iPhoneSimulator.ActiveCfg = Release|Any CPU
		{3A56BC26-BE64-4293-B2F3-9EADA91F2EFB}.AppStore|iPhoneSimulator.Build.0 = Release|Any CPU
		{3A56BC26-BE64-4293-B2F3-9EADA91F2EFB}.Debug|Any CPU.ActiveCfg = Debug|Any CPU
		{3A56BC26-BE64-4293-B2F3-9EADA91F2EFB}.Debug|Any CPU.Build.0 = Debug|Any CPU
		{3A56BC26-BE64-4293-B2F3-9EADA91F2EFB}.Debug|iPhone.ActiveCfg = Debug|Any CPU
		{3A56BC26-BE64-4293-B2F3-9EADA91F2EFB}.Debug|iPhone.Build.0 = Debug|Any CPU
		{3A56BC26-BE64-4293-B2F3-9EADA91F2EFB}.Debug|iPhoneSimulator.ActiveCfg = Debug|Any CPU
		{3A56BC26-BE64-4293-B2F3-9EADA91F2EFB}.Debug|iPhoneSimulator.Build.0 = Debug|Any CPU
		{3A56BC26-BE64-4293-B2F3-9EADA91F2EFB}.Release|Any CPU.ActiveCfg = Release|Any CPU
		{3A56BC26-BE64-4293-B2F3-9EADA91F2EFB}.Release|Any CPU.Build.0 = Release|Any CPU
		{3A56BC26-BE64-4293-B2F3-9EADA91F2EFB}.Release|iPhone.ActiveCfg = Release|Any CPU
		{3A56BC26-BE64-4293-B2F3-9EADA91F2EFB}.Release|iPhone.Build.0 = Release|Any CPU
		{3A56BC26-BE64-4293-B2F3-9EADA91F2EFB}.Release|iPhoneSimulator.ActiveCfg = Release|Any CPU
		{3A56BC26-BE64-4293-B2F3-9EADA91F2EFB}.Release|iPhoneSimulator.Build.0 = Release|Any CPU
		{AB21308A-4949-418F-ABC5-020A1BC3E6B5}.Ad-Hoc|Any CPU.ActiveCfg = Debug|iPhone
		{AB21308A-4949-418F-ABC5-020A1BC3E6B5}.Ad-Hoc|Any CPU.Build.0 = Debug|iPhone
		{AB21308A-4949-418F-ABC5-020A1BC3E6B5}.Ad-Hoc|iPhone.ActiveCfg = Debug|iPhone
		{AB21308A-4949-418F-ABC5-020A1BC3E6B5}.Ad-Hoc|iPhone.Build.0 = Debug|iPhone
		{AB21308A-4949-418F-ABC5-020A1BC3E6B5}.Ad-Hoc|iPhoneSimulator.ActiveCfg = Debug|iPhoneSimulator
		{AB21308A-4949-418F-ABC5-020A1BC3E6B5}.Ad-Hoc|iPhoneSimulator.Build.0 = Debug|iPhoneSimulator
		{AB21308A-4949-418F-ABC5-020A1BC3E6B5}.AppStore|Any CPU.ActiveCfg = Debug|iPhone
		{AB21308A-4949-418F-ABC5-020A1BC3E6B5}.AppStore|Any CPU.Build.0 = Debug|iPhone
		{AB21308A-4949-418F-ABC5-020A1BC3E6B5}.AppStore|iPhone.ActiveCfg = Debug|iPhone
		{AB21308A-4949-418F-ABC5-020A1BC3E6B5}.AppStore|iPhone.Build.0 = Debug|iPhone
		{AB21308A-4949-418F-ABC5-020A1BC3E6B5}.AppStore|iPhoneSimulator.ActiveCfg = Debug|iPhoneSimulator
		{AB21308A-4949-418F-ABC5-020A1BC3E6B5}.AppStore|iPhoneSimulator.Build.0 = Debug|iPhoneSimulator
		{AB21308A-4949-418F-ABC5-020A1BC3E6B5}.Debug|Any CPU.ActiveCfg = Debug|iPhoneSimulator
		{AB21308A-4949-418F-ABC5-020A1BC3E6B5}.Debug|iPhone.ActiveCfg = Debug|iPhone
		{AB21308A-4949-418F-ABC5-020A1BC3E6B5}.Debug|iPhone.Build.0 = Debug|iPhone
		{AB21308A-4949-418F-ABC5-020A1BC3E6B5}.Debug|iPhoneSimulator.ActiveCfg = Debug|iPhoneSimulator
		{AB21308A-4949-418F-ABC5-020A1BC3E6B5}.Debug|iPhoneSimulator.Build.0 = Debug|iPhoneSimulator
		{AB21308A-4949-418F-ABC5-020A1BC3E6B5}.Release|Any CPU.ActiveCfg = Debug|iPhone
		{AB21308A-4949-418F-ABC5-020A1BC3E6B5}.Release|Any CPU.Build.0 = Debug|iPhone
		{AB21308A-4949-418F-ABC5-020A1BC3E6B5}.Release|iPhone.ActiveCfg = Debug|iPhone
		{AB21308A-4949-418F-ABC5-020A1BC3E6B5}.Release|iPhone.Build.0 = Debug|iPhone
		{AB21308A-4949-418F-ABC5-020A1BC3E6B5}.Release|iPhoneSimulator.ActiveCfg = Debug|iPhoneSimulator
		{AB21308A-4949-418F-ABC5-020A1BC3E6B5}.Release|iPhoneSimulator.Build.0 = Debug|iPhoneSimulator
		{E9698B7E-42F5-4F74-93E6-53EBE5C522EF}.Ad-Hoc|Any CPU.ActiveCfg = Release|Any CPU
		{E9698B7E-42F5-4F74-93E6-53EBE5C522EF}.Ad-Hoc|Any CPU.Build.0 = Release|Any CPU
		{E9698B7E-42F5-4F74-93E6-53EBE5C522EF}.Ad-Hoc|iPhone.ActiveCfg = Release|Any CPU
		{E9698B7E-42F5-4F74-93E6-53EBE5C522EF}.Ad-Hoc|iPhone.Build.0 = Release|Any CPU
		{E9698B7E-42F5-4F74-93E6-53EBE5C522EF}.Ad-Hoc|iPhoneSimulator.ActiveCfg = Release|Any CPU
		{E9698B7E-42F5-4F74-93E6-53EBE5C522EF}.Ad-Hoc|iPhoneSimulator.Build.0 = Release|Any CPU
		{E9698B7E-42F5-4F74-93E6-53EBE5C522EF}.AppStore|Any CPU.ActiveCfg = Release|Any CPU
		{E9698B7E-42F5-4F74-93E6-53EBE5C522EF}.AppStore|Any CPU.Build.0 = Release|Any CPU
		{E9698B7E-42F5-4F74-93E6-53EBE5C522EF}.AppStore|iPhone.ActiveCfg = Release|Any CPU
		{E9698B7E-42F5-4F74-93E6-53EBE5C522EF}.AppStore|iPhone.Build.0 = Release|Any CPU
		{E9698B7E-42F5-4F74-93E6-53EBE5C522EF}.AppStore|iPhoneSimulator.ActiveCfg = Release|Any CPU
		{E9698B7E-42F5-4F74-93E6-53EBE5C522EF}.AppStore|iPhoneSimulator.Build.0 = Release|Any CPU
		{E9698B7E-42F5-4F74-93E6-53EBE5C522EF}.Debug|Any CPU.ActiveCfg = Debug|Any CPU
		{E9698B7E-42F5-4F74-93E6-53EBE5C522EF}.Debug|Any CPU.Build.0 = Debug|Any CPU
		{E9698B7E-42F5-4F74-93E6-53EBE5C522EF}.Debug|iPhone.ActiveCfg = Debug|Any CPU
		{E9698B7E-42F5-4F74-93E6-53EBE5C522EF}.Debug|iPhone.Build.0 = Debug|Any CPU
		{E9698B7E-42F5-4F74-93E6-53EBE5C522EF}.Debug|iPhoneSimulator.ActiveCfg = Debug|Any CPU
		{E9698B7E-42F5-4F74-93E6-53EBE5C522EF}.Debug|iPhoneSimulator.Build.0 = Debug|Any CPU
		{E9698B7E-42F5-4F74-93E6-53EBE5C522EF}.Release|Any CPU.ActiveCfg = Release|Any CPU
		{E9698B7E-42F5-4F74-93E6-53EBE5C522EF}.Release|Any CPU.Build.0 = Release|Any CPU
		{E9698B7E-42F5-4F74-93E6-53EBE5C522EF}.Release|iPhone.ActiveCfg = Release|Any CPU
		{E9698B7E-42F5-4F74-93E6-53EBE5C522EF}.Release|iPhone.Build.0 = Release|Any CPU
		{E9698B7E-42F5-4F74-93E6-53EBE5C522EF}.Release|iPhoneSimulator.ActiveCfg = Release|Any CPU
		{E9698B7E-42F5-4F74-93E6-53EBE5C522EF}.Release|iPhoneSimulator.Build.0 = Release|Any CPU
	EndGlobalSection
	GlobalSection(SolutionProperties) = preSolution
		HideSolutionNode = FALSE
	EndGlobalSection
	GlobalSection(ExtensibilityGlobals) = postSolution
		SolutionGuid = {ECFD3E3A-6C56-41D4-9E43-4157764A9C14}
	EndGlobalSection
EndGlobal
